{
  "originHash" : "3c1dd725fb0e6a9ad273b1f66143117136a22ab5f75cd55aac02d776ba5203c5",
  "pins" : [
    {
      "identity" : "hotwire-native-ios",
      "kind" : "remoteSourceControl",
      "location" : "https://github.com/hotwired/hotwire-native-ios",
      "state" : {
        "revision" : "aa5da14014143be76e7856f2bf07cf887fb7bfe0",
        "version" : "1.1.0"
      }
    },
    {
      "identity" : "keychainaccess",
      "kind" : "remoteSourceControl",
      "location" : "https://github.com/kishikawakatsumi/KeychainAccess",
      "state" : {
        "branch" : "master",
        "revision" : "e0c7eebc5a4465a3c4680764f26b7a61f567cdaf"
      }
    }
  ],
  "version" : 3
}
